
Microsoft Visual Studio Solution File, Format Version 12.00
# Visual Studio 15
VisualStudioVersion = 15.0.27004.2002
MinimumVisualStudioVersion = 10.0.40219.1
Project("{FAE04EC0-301F-11D3-BF4B-00C04F79EFBC}") = "VirtualDesktopKnock", "VirtualDesktopKnock\VirtualDesktopKnock.csproj", "{9B546987-E050-4782-99AF-AC14821AE5CD}"
EndProject
Global
	GlobalSection(SolutionConfigurationPlatforms) = preSolution
		Debug|Any CPU = Debug|Any CPU
		Release|Any CPU = Release|Any CPU
	EndGlobalSection
	GlobalSection(ProjectConfigurationPlatforms) = postSolution
		{9B546987-E050-4782-99AF-AC14821AE5CD}.Debug|Any CPU.ActiveCfg = Debug|Any CPU
		{9B546987-E050-4782-99AF-AC14821AE5CD}.Debug|Any CPU.Build.0 = Debug|Any CPU
		{9B546987-E050-4782-99AF-AC14821AE5CD}.Release|Any CPU.ActiveCfg = Release|Any CPU
		{9B546987-E050-4782-99AF-AC14821AE5CD}.Release|Any CPU.Build.0 = Release|Any CPU
	EndGlobalSection
	GlobalSection(SolutionProperties) = preSolution
		HideSolutionNode = FALSE
	EndGlobalSection
	GlobalSection(ExtensibilityGlobals) = postSolution
		SolutionGuid = {CA3415EA-8BBA-432B-A3F8-972A1EF72FFB}
	EndGlobalSection
EndGlobal
